# THIS IS AN AUTOGENERATED FILE. DO NOT EDIT THIS FILE DIRECTLY.
# yarn lockfile v1


react-native-text@^1.0.0:
  version "1.0.0"
  resolved "https://registry.yarnpkg.com/react-native-text/-/react-native-text-1.0.0.tgz#de957bdaf6703b5bbebe12554c21035bca132460"
  integrity sha512-ovAs4JR90XLLhPDGGAn2rMcUZgXXBRbSqyaPdWCVdL8pd/fGT13kvEuvFaa1XYrzvE959DWEnlKvFBREUnoCvA==
